
Microsoft Visual Studio Solution File, Format Version 12.00
# Visual Studio Version 17
VisualStudioVersion = 17.13.35919.96
MinimumVisualStudioVersion = 10.0.40219.1
Project("{FAE04EC0-301F-11D3-BF4B-00C04F79EFBC}") = "OrquestR", "OrquestR\OrquestR.csproj", "{E88D9A40-A9DF-4B2F-B86A-441B0298DF17}"
EndProject
Project("{FAE04EC0-301F-11D3-BF4B-00C04F79EFBC}") = "OrquestR.DemoApp", "..\samples\OrquestR.DemoApp\OrquestR.DemoApp.csproj", "{A3E89E08-C9E2-F168-DD18-13740E077E77}"
EndProject
Global
	GlobalSection(SolutionConfigurationPlatforms) = preSolution
		Debug|Any CPU = Debug|Any CPU
		Release|Any CPU = Release|Any CPU
	EndGlobalSection
	GlobalSection(ProjectConfigurationPlatforms) = postSolution
		{E88D9A40-A9DF-4B2F-B86A-441B0298DF17}.Debug|Any CPU.ActiveCfg = Debug|Any CPU
		{E88D9A40-A9DF-4B2F-B86A-441B0298DF17}.Debug|Any CPU.Build.0 = Debug|Any CPU
		{E88D9A40-A9DF-4B2F-B86A-441B0298DF17}.Release|Any CPU.ActiveCfg = Release|Any CPU
		{E88D9A40-A9DF-4B2F-B86A-441B0298DF17}.Release|Any CPU.Build.0 = Release|Any CPU
		{A3E89E08-C9E2-F168-DD18-13740E077E77}.Debug|Any CPU.ActiveCfg = Debug|Any CPU
		{A3E89E08-C9E2-F168-DD18-13740E077E77}.Debug|Any CPU.Build.0 = Debug|Any CPU
		{A3E89E08-C9E2-F168-DD18-13740E077E77}.Release|Any CPU.ActiveCfg = Release|Any CPU
		{A3E89E08-C9E2-F168-DD18-13740E077E77}.Release|Any CPU.Build.0 = Release|Any CPU
	EndGlobalSection
	GlobalSection(SolutionProperties) = preSolution
		HideSolutionNode = FALSE
	EndGlobalSection
	GlobalSection(ExtensibilityGlobals) = postSolution
		SolutionGuid = {285FAAA5-9586-439F-B811-DDF5A0F26C51}
	EndGlobalSection
EndGlobal
